
Microsoft Visual Studio Solution File, Format Version 12.00
# Visual Studio 15
VisualStudioVersion = 15.0.28010.2050
MinimumVisualStudioVersion = 10.0.40219.1
Project("{FAE04EC0-301F-11D3-BF4B-00C04F79EFBC}") = "Exercício 04", "Exercício 04\Exercício 04.csproj", "{C7380CA6-61E9-43A3-8D62-6BA186F71911}"
EndProject
Global
	GlobalSection(SolutionConfigurationPlatforms) = preSolution
		Debug|Any CPU = Debug|Any CPU
		Release|Any CPU = Release|Any CPU
	EndGlobalSection
	GlobalSection(ProjectConfigurationPlatforms) = postSolution
		{C7380CA6-61E9-43A3-8D62-6BA186F71911}.Debug|Any CPU.ActiveCfg = Debug|Any CPU
		{C7380CA6-61E9-43A3-8D62-6BA186F71911}.Debug|Any CPU.Build.0 = Debug|Any CPU
		{C7380CA6-61E9-43A3-8D62-6BA186F71911}.Release|Any CPU.ActiveCfg = Release|Any CPU
		{C7380CA6-61E9-43A3-8D62-6BA186F71911}.Release|Any CPU.Build.0 = Release|Any CPU
	EndGlobalSection
	GlobalSection(SolutionProperties) = preSolution
		HideSolutionNode = FALSE
	EndGlobalSection
	GlobalSection(ExtensibilityGlobals) = postSolution
		SolutionGuid = {367F6B5B-7E5F-4587-9FFC-AEA6789B758A}
	EndGlobalSection
EndGlobal
